{
  "name": "heat-alert-photo",
  "lockfileVersion": 3,
  "requires": true,
  "packages": {
    "": {
      "name": "heat-alert-photo",
      "dependencies": {
        "@resvg/resvg-wasm": "2.6.2",
        "fast-png": "6.2.0",
        "jpeg-js": "0.4.4"
      }
    },
    "node_modules/@resvg/resvg-wasm": {
      "version": "2.6.2",
      "resolved": "https://registry.npmjs.org/@resvg/resvg-wasm/-/resvg-wasm-2.6.2.tgz",
      "integrity": "sha512-FqALmHI8D4o6lk/LRWDnhw95z5eO+eAa6ORjVg09YRR7BkcM6oPHU9uyC0gtQG5vpFLvgpeU4+zEAz2H8APHNw==",
      "license": "MPL-2.0",
      "engines": {
        "node": ">= 10"
      }
    },
    "node_modules/@types/pako": {
      "version": "2.0.4",
      "resolved": "https://registry.npmjs.org/@types/pako/-/pako-2.0.4.tgz",
      "integrity": "sha512-VWDCbrLeVXJM9fihYodcLiIv0ku+AlOa/TQ1SvYOaBuyrSKgEcro95LJyIsJ4vSo6BXIxOKxiJAat04CmST9Fw==",
      "license": "MIT"
    },
    "node_modules/fast-png": {
      "version": "6.2.0",
      "resolved": "https://registry.npmjs.org/fast-png/-/fast-png-6.2.0.tgz",
      "integrity": "sha512-fO4DewoEd9WwuP8DQcfj8Tlc88Jno6lJAjlDYzvJSqMIZwxUpRT4zuzPXgqygjJqngBdCbeQRaL/FVz3InExhA==",
      "license": "MIT",
      "dependencies": {
        "@types/pako": "^2.0.0",
        "iobuffer": "^5.3.2",
        "pako": "^2.1.0"
      }
    },
    "node_modules/iobuffer": {
      "version": "5.4.0",
      "resolved": "https://registry.npmjs.org/iobuffer/-/iobuffer-5.4.0.tgz",
      "integrity": "sha512-DRebOWuqDvxunfkNJAlc3IzWIPD5xVxwUNbHr7xKB8E6aLJxIPfNX3CoMJghcFjpv6RWQsrcJbghtEwSPoJqMA==",
      "license": "MIT"
    },
    "node_modules/jpeg-js": {
      "version": "0.4.4",
      "resolved": "https://registry.npmjs.org/jpeg-js/-/jpeg-js-0.4.4.tgz",
      "integrity": "sha512-WZzeDOEtTOBK4Mdsar0IqEU5sMr3vSV2RqkAIzUEV2BHnUfKGyswWFPFwK5EeDo93K3FohSHbLAjj0s1Wzd+dg==",
      "license": "BSD-3-Clause"
    },
    "node_modules/pako": {
      "version": "2.2.0",
      "resolved": "https://registry.npmjs.org/pako/-/pako-2.2.0.tgz",
      "integrity": "sha512-zJq6RP/5q+TO2OpFV3FHzlPnFjmkb7Nc99a5SNjJE+uu/PkpChs+NIZSSzbBoD+6kjiISXjfYdwj1ZRQ81dz/w==",
      "funding": [
        {
          "type": "github",
          "url": "https://github.com/sponsors/puzrin"
        },
        {
          "type": "github",
          "url": "https://github.com/sponsors/nodeca"
        }
      ],
      "license": "(MIT AND Zlib)"
    }
  }
}
