// !$*UTF8*$!
{
	archiveVersion = 1;
	classes = {
	};
	objectVersion = 56;
	objects = {

/* Begin PBXBuildFile section */
		A10000000000000000000001 /* NLCentralStandingsApp.swift in Sources */ = {isa = PBXBuildFile; fileRef = B10000000000000000000001 /* NLCentralStandingsApp.swift */; };
		A10000000000000000000002 /* ContentView.swift in Sources */ = {isa = PBXBuildFile; fileRef = B10000000000000000000002 /* ContentView.swift */; };
		A10000000000000000000003 /* Assets.xcassets in Resources */ = {isa = PBXBuildFile; fileRef = B10000000000000000000003 /* Assets.xcassets */; };
		A10000000000000000000004 /* Models.swift in Sources */ = {isa = PBXBuildFile; fileRef = B10000000000000000000010 /* Models.swift */; };
		A10000000000000000000005 /* MLBStandingsClient.swift in Sources */ = {isa = PBXBuildFile; fileRef = B10000000000000000000011 /* MLBStandingsClient.swift */; };
		A10000000000000000000006 /* Theme.swift in Sources */ = {isa = PBXBuildFile; fileRef = B10000000000000000000012 /* Theme.swift */; };
		A10000000000000000000007 /* StandingsStore.swift in Sources */ = {isa = PBXBuildFile; fileRef = B10000000000000000000013 /* StandingsStore.swift */; };
		A10000000000000000000008 /* StandingsUI.swift in Sources */ = {isa = PBXBuildFile; fileRef = B10000000000000000000014 /* StandingsUI.swift */; };
		A10000000000000000000009 /* NLCentralWidget.swift in Sources */ = {isa = PBXBuildFile; fileRef = B10000000000000000000020 /* NLCentralWidget.swift */; };
		A1000000000000000000000A /* StandingsProvider.swift in Sources */ = {isa = PBXBuildFile; fileRef = B10000000000000000000021 /* StandingsProvider.swift */; };
		A1000000000000000000000B /* StandingsViews.swift in Sources */ = {isa = PBXBuildFile; fileRef = B10000000000000000000022 /* StandingsViews.swift */; };
		A1000000000000000000000C /* Assets.xcassets in Resources */ = {isa = PBXBuildFile; fileRef = B10000000000000000000023 /* Assets.xcassets */; };
		A1000000000000000000000D /* Models.swift in Sources */ = {isa = PBXBuildFile; fileRef = B10000000000000000000010 /* Models.swift */; };
		A1000000000000000000000E /* MLBStandingsClient.swift in Sources */ = {isa = PBXBuildFile; fileRef = B10000000000000000000011 /* MLBStandingsClient.swift */; };
		A1000000000000000000000F /* Theme.swift in Sources */ = {isa = PBXBuildFile; fileRef = B10000000000000000000012 /* Theme.swift */; };
		A10000000000000000000010 /* StandingsStore.swift in Sources */ = {isa = PBXBuildFile; fileRef = B10000000000000000000013 /* StandingsStore.swift */; };
		A10000000000000000000011 /* StandingsUI.swift in Sources */ = {isa = PBXBuildFile; fileRef = B10000000000000000000014 /* StandingsUI.swift */; };
		A10000000000000000000012 /* NLCentralWidgetExtension.appex in Embed Foundation Extensions */ = {isa = PBXBuildFile; fileRef = C10000000000000000000002 /* NLCentralWidgetExtension.appex */; settings = {ATTRIBUTES = (RemoveHeadersOnCopy, ); }; };
/* End PBXBuildFile section */

/* Begin PBXContainerItemProxy section */
		D10000000000000000000001 /* PBXContainerItemProxy */ = {
			isa = PBXContainerItemProxy;
			containerPortal = E10000000000000000000001 /* Project object */;
			proxyType = 1;
			remoteGlobalIDString = C10000000000000000000020;
			remoteInfo = NLCentralWidgetExtension;
		};
/* End PBXContainerItemProxy section */

/* Begin PBXCopyFilesBuildPhase section */
		F10000000000000000000001 /* Embed Foundation Extensions */ = {
			isa = PBXCopyFilesBuildPhase;
			buildActionMask = 2147483647;
			dstPath = "";
			dstSubfolderSpec = 13;
			files = (
				A10000000000000000000012 /* NLCentralWidgetExtension.appex in Embed Foundation Extensions */,
			);
			name = "Embed Foundation Extensions";
			runOnlyForDeploymentPostprocessing = 0;
		};
/* End PBXCopyFilesBuildPhase section */

/* Begin PBXFileReference section */
		B10000000000000000000001 /* NLCentralStandingsApp.swift */ = {isa = PBXFileReference; lastKnownFileType = sourcecode.swift; path = NLCentralStandingsApp.swift; sourceTree = "<group>"; };
		B10000000000000000000002 /* ContentView.swift */ = {isa = PBXFileReference; lastKnownFileType = sourcecode.swift; path = ContentView.swift; sourceTree = "<group>"; };
		B10000000000000000000003 /* Assets.xcassets */ = {isa = PBXFileReference; lastKnownFileType = folder.assetcatalog; path = Assets.xcassets; sourceTree = "<group>"; };
		B10000000000000000000004 /* Info.plist */ = {isa = PBXFileReference; lastKnownFileType = text.plist.xml; path = Info.plist; sourceTree = "<group>"; };
		B10000000000000000000005 /* NLCentralStandings.entitlements */ = {isa = PBXFileReference; lastKnownFileType = text.plist.entitlements; path = NLCentralStandings.entitlements; sourceTree = "<group>"; };
		B10000000000000000000010 /* Models.swift */ = {isa = PBXFileReference; lastKnownFileType = sourcecode.swift; path = Models.swift; sourceTree = "<group>"; };
		B10000000000000000000011 /* MLBStandingsClient.swift */ = {isa = PBXFileReference; lastKnownFileType = sourcecode.swift; path = MLBStandingsClient.swift; sourceTree = "<group>"; };
		B10000000000000000000012 /* Theme.swift */ = {isa = PBXFileReference; lastKnownFileType = sourcecode.swift; path = Theme.swift; sourceTree = "<group>"; };
		B10000000000000000000013 /* StandingsStore.swift */ = {isa = PBXFileReference; lastKnownFileType = sourcecode.swift; path = StandingsStore.swift; sourceTree = "<group>"; };
		B10000000000000000000014 /* StandingsUI.swift */ = {isa = PBXFileReference; lastKnownFileType = sourcecode.swift; path = StandingsUI.swift; sourceTree = "<group>"; };
		B10000000000000000000020 /* NLCentralWidget.swift */ = {isa = PBXFileReference; lastKnownFileType = sourcecode.swift; path = NLCentralWidget.swift; sourceTree = "<group>"; };
		B10000000000000000000021 /* StandingsProvider.swift */ = {isa = PBXFileReference; lastKnownFileType = sourcecode.swift; path = StandingsProvider.swift; sourceTree = "<group>"; };
		B10000000000000000000022 /* StandingsViews.swift */ = {isa = PBXFileReference; lastKnownFileType = sourcecode.swift; path = StandingsViews.swift; sourceTree = "<group>"; };
		B10000000000000000000023 /* Assets.xcassets */ = {isa = PBXFileReference; lastKnownFileType = folder.assetcatalog; path = Assets.xcassets; sourceTree = "<group>"; };
		B10000000000000000000024 /* Info.plist */ = {isa = PBXFileReference; lastKnownFileType = text.plist.xml; path = Info.plist; sourceTree = "<group>"; };
		B10000000000000000000025 /* NLCentralWidget.entitlements */ = {isa = PBXFileReference; lastKnownFileType = text.plist.entitlements; path = NLCentralWidget.entitlements; sourceTree = "<group>"; };
		C10000000000000000000001 /* NLCentralStandings.app */ = {isa = PBXFileReference; explicitFileType = wrapper.application; includeInIndex = 0; path = NLCentralStandings.app; sourceTree = BUILT_PRODUCTS_DIR; };
		C10000000000000000000002 /* NLCentralWidgetExtension.appex */ = {isa = PBXFileReference; explicitFileType = "wrapper.app-extension"; includeInIndex = 0; path = NLCentralWidgetExtension.appex; sourceTree = BUILT_PRODUCTS_DIR; };
/* End PBXFileReference section */

/* Begin PBXFrameworksBuildPhase section */
		F20000000000000000000001 /* Frameworks */ = {
			isa = PBXFrameworksBuildPhase;
			buildActionMask = 2147483647;
			files = (
			);
			runOnlyForDeploymentPostprocessing = 0;
		};
		F20000000000000000000002 /* Frameworks */ = {
			isa = PBXFrameworksBuildPhase;
			buildActionMask = 2147483647;
			files = (
			);
			runOnlyForDeploymentPostprocessing = 0;
		};
/* End PBXFrameworksBuildPhase section */

/* Begin PBXGroup section */
		G10000000000000000000001 = {
			isa = PBXGroup;
			children = (
				G10000000000000000000002 /* NLCentralStandings */,
				G10000000000000000000003 /* NLCentralWidget */,
				G10000000000000000000004 /* Shared */,
				G10000000000000000000005 /* Products */,
			);
			sourceTree = "<group>";
		};
		G10000000000000000000002 /* NLCentralStandings */ = {
			isa = PBXGroup;
			children = (
				B10000000000000000000001 /* NLCentralStandingsApp.swift */,
				B10000000000000000000002 /* ContentView.swift */,
				B10000000000000000000003 /* Assets.xcassets */,
				B10000000000000000000004 /* Info.plist */,
				B10000000000000000000005 /* NLCentralStandings.entitlements */,
			);
			path = NLCentralStandings;
			sourceTree = "<group>";
		};
		G10000000000000000000003 /* NLCentralWidget */ = {
			isa = PBXGroup;
			children = (
				B10000000000000000000020 /* NLCentralWidget.swift */,
				B10000000000000000000021 /* StandingsProvider.swift */,
				G10000000000000000000006 /* Views */,
				B10000000000000000000023 /* Assets.xcassets */,
				B10000000000000000000024 /* Info.plist */,
				B10000000000000000000025 /* NLCentralWidget.entitlements */,
			);
			path = NLCentralWidget;
			sourceTree = "<group>";
		};
		G10000000000000000000004 /* Shared */ = {
			isa = PBXGroup;
			children = (
				B10000000000000000000010 /* Models.swift */,
				B10000000000000000000011 /* MLBStandingsClient.swift */,
				B10000000000000000000012 /* Theme.swift */,
				B10000000000000000000013 /* StandingsStore.swift */,
				B10000000000000000000014 /* StandingsUI.swift */,
			);
			path = Shared;
			sourceTree = "<group>";
		};
		G10000000000000000000005 /* Products */ = {
			isa = PBXGroup;
			children = (
				C10000000000000000000001 /* NLCentralStandings.app */,
				C10000000000000000000002 /* NLCentralWidgetExtension.appex */,
			);
			name = Products;
			sourceTree = "<group>";
		};
		G10000000000000000000006 /* Views */ = {
			isa = PBXGroup;
			children = (
				B10000000000000000000022 /* StandingsViews.swift */,
			);
			path = Views;
			sourceTree = "<group>";
		};
/* End PBXGroup section */

/* Begin PBXNativeTarget section */
		C10000000000000000000010 /* NLCentralStandings */ = {
			isa = PBXNativeTarget;
			buildConfigurationList = H10000000000000000000003 /* Build configuration list for PBXNativeTarget "NLCentralStandings" */;
			buildPhases = (
				F30000000000000000000001 /* Sources */,
				F20000000000000000000001 /* Frameworks */,
				F40000000000000000000001 /* Resources */,
				F10000000000000000000001 /* Embed Foundation Extensions */,
			);
			buildRules = (
			);
			dependencies = (
				D20000000000000000000001 /* PBXTargetDependency */,
			);
			name = NLCentralStandings;
			productName = NLCentralStandings;
			productReference = C10000000000000000000001 /* NLCentralStandings.app */;
			productType = "com.apple.product-type.application";
		};
		C10000000000000000000020 /* NLCentralWidgetExtension */ = {
			isa = PBXNativeTarget;
			buildConfigurationList = H10000000000000000000004 /* Build configuration list for PBXNativeTarget "NLCentralWidgetExtension" */;
			buildPhases = (
				F30000000000000000000002 /* Sources */,
				F20000000000000000000002 /* Frameworks */,
				F40000000000000000000002 /* Resources */,
			);
			buildRules = (
			);
			dependencies = (
			);
			name = NLCentralWidgetExtension;
			productName = NLCentralWidgetExtension;
			productReference = C10000000000000000000002 /* NLCentralWidgetExtension.appex */;
			productType = "com.apple.product-type.app-extension";
		};
/* End PBXNativeTarget section */

/* Begin PBXProject section */
		E10000000000000000000001 /* Project object */ = {
			isa = PBXProject;
			attributes = {
				BuildIndependentTargetsInParallel = 1;
				LastSwiftUpdateCheck = 1540;
				LastUpgradeCheck = 1540;
				TargetAttributes = {
					C10000000000000000000010 = {
						CreatedOnToolsVersion = 15.4;
					};
					C10000000000000000000020 = {
						CreatedOnToolsVersion = 15.4;
					};
				};
			};
			buildConfigurationList = H10000000000000000000001 /* Build configuration list for PBXProject "NLCentralStandings" */;
			compatibilityVersion = "Xcode 14.0";
			developmentRegion = en;
			hasScannedForEncodings = 0;
			knownRegions = (
				en,
				Base,
			);
			mainGroup = G10000000000000000000001;
			productRefGroup = G10000000000000000000005 /* Products */;
			projectDirPath = "";
			projectRoot = "";
			targets = (
				C10000000000000000000010 /* NLCentralStandings */,
				C10000000000000000000020 /* NLCentralWidgetExtension */,
			);
		};
/* End PBXProject section */

/* Begin PBXResourcesBuildPhase section */
		F40000000000000000000001 /* Resources */ = {
			isa = PBXResourcesBuildPhase;
			buildActionMask = 2147483647;
			files = (
				A10000000000000000000003 /* Assets.xcassets in Resources */,
			);
			runOnlyForDeploymentPostprocessing = 0;
		};
		F40000000000000000000002 /* Resources */ = {
			isa = PBXResourcesBuildPhase;
			buildActionMask = 2147483647;
			files = (
				A1000000000000000000000C /* Assets.xcassets in Resources */,
			);
			runOnlyForDeploymentPostprocessing = 0;
		};
/* End PBXResourcesBuildPhase section */

/* Begin PBXSourcesBuildPhase section */
		F30000000000000000000001 /* Sources */ = {
			isa = PBXSourcesBuildPhase;
			buildActionMask = 2147483647;
			files = (
				A10000000000000000000001 /* NLCentralStandingsApp.swift in Sources */,
				A10000000000000000000002 /* ContentView.swift in Sources */,
				A10000000000000000000004 /* Models.swift in Sources */,
				A10000000000000000000005 /* MLBStandingsClient.swift in Sources */,
				A10000000000000000000006 /* Theme.swift in Sources */,
				A10000000000000000000007 /* StandingsStore.swift in Sources */,
				A10000000000000000000008 /* StandingsUI.swift in Sources */,
			);
			runOnlyForDeploymentPostprocessing = 0;
		};
		F30000000000000000000002 /* Sources */ = {
			isa = PBXSourcesBuildPhase;
			buildActionMask = 2147483647;
			files = (
				A10000000000000000000009 /* NLCentralWidget.swift in Sources */,
				A1000000000000000000000A /* StandingsProvider.swift in Sources */,
				A1000000000000000000000B /* StandingsViews.swift in Sources */,
				A1000000000000000000000D /* Models.swift in Sources */,
				A1000000000000000000000E /* MLBStandingsClient.swift in Sources */,
				A1000000000000000000000F /* Theme.swift in Sources */,
				A10000000000000000000010 /* StandingsStore.swift in Sources */,
				A10000000000000000000011 /* StandingsUI.swift in Sources */,
			);
			runOnlyForDeploymentPostprocessing = 0;
		};
/* End PBXSourcesBuildPhase section */

/* Begin PBXTargetDependency section */
		D20000000000000000000001 /* PBXTargetDependency */ = {
			isa = PBXTargetDependency;
			target = C10000000000000000000020 /* NLCentralWidgetExtension */;
			targetProxy = D10000000000000000000001 /* PBXContainerItemProxy */;
		};
/* End PBXTargetDependency section */

/* Begin XCBuildConfiguration section */
		H20000000000000000000001 /* Debug */ = {
			isa = XCBuildConfiguration;
			buildSettings = {
				ALWAYS_SEARCH_USER_PATHS = NO;
				CLANG_ENABLE_MODULES = YES;
				CLANG_ENABLE_OBJC_ARC = YES;
				COPY_PHASE_STRIP = NO;
				DEBUG_INFORMATION_FORMAT = dwarf;
				ENABLE_TESTABILITY = YES;
				GCC_DYNAMIC_NO_PIC = NO;
				IPHONEOS_DEPLOYMENT_TARGET = 17.0;
				MACOSX_DEPLOYMENT_TARGET = 14.0;
				ONLY_ACTIVE_ARCH = YES;
				SWIFT_ACTIVE_COMPILATION_CONDITIONS = "DEBUG $(inherited)";
				SWIFT_OPTIMIZATION_LEVEL = "-Onone";
				SWIFT_VERSION = 5.0;
			};
			name = Debug;
		};
		H20000000000000000000002 /* Release */ = {
			isa = XCBuildConfiguration;
			buildSettings = {
				ALWAYS_SEARCH_USER_PATHS = NO;
				CLANG_ENABLE_MODULES = YES;
				CLANG_ENABLE_OBJC_ARC = YES;
				COPY_PHASE_STRIP = NO;
				DEBUG_INFORMATION_FORMAT = "dwarf-with-dsym";
				IPHONEOS_DEPLOYMENT_TARGET = 17.0;
				MACOSX_DEPLOYMENT_TARGET = 14.0;
				SWIFT_COMPILATION_MODE = wholemodule;
				SWIFT_VERSION = 5.0;
			};
			name = Release;
		};
		H20000000000000000000003 /* Debug */ = {
			isa = XCBuildConfiguration;
			buildSettings = {
				ARCHS = arm64;
				ASSETCATALOG_COMPILER_APPICON_NAME = AppIcon;
				CODE_SIGN_ENTITLEMENTS = NLCentralStandings/NLCentralStandings.entitlements;
				CODE_SIGN_STYLE = Automatic;
				COMBINE_HIDPI_IMAGES = YES;
				CURRENT_PROJECT_VERSION = 1;
				"ENABLE_HARDENED_RUNTIME[sdk=macosx*]" = YES;
				GENERATE_INFOPLIST_FILE = NO;
				INFOPLIST_FILE = NLCentralStandings/Info.plist;
				INFOPLIST_KEY_NSHumanReadableCopyright = "";
				IPHONEOS_DEPLOYMENT_TARGET = 17.0;
				LD_RUNPATH_SEARCH_PATHS = (
					"$(inherited)",
					"@executable_path/Frameworks",
				);
				"LD_RUNPATH_SEARCH_PATHS[sdk=macosx*]" = (
					"$(inherited)",
					"@executable_path/../Frameworks",
				);
				MACOSX_DEPLOYMENT_TARGET = 14.0;
				MARKETING_VERSION = 1.1;
				ONLY_ACTIVE_ARCH = YES;
				PRODUCT_BUNDLE_IDENTIFIER = com.commandcenter.nlcentral;
				PRODUCT_NAME = "$(TARGET_NAME)";
				SDKROOT = auto;
				SUPPORTED_PLATFORMS = "iphoneos iphonesimulator macosx";
				SUPPORTS_MACCATALYST = NO;
				SUPPORTS_MAC_DESIGNED_FOR_IPHONE_IPAD = NO;
				SUPPORTS_XR_DESIGNED_FOR_IPHONE_IPAD = NO;
				SWIFT_EMIT_LOC_STRINGS = YES;
				SWIFT_VERSION = 5.0;
				TARGETED_DEVICE_FAMILY = "1,2";
			};
			name = Debug;
		};
		H20000000000000000000004 /* Release */ = {
			isa = XCBuildConfiguration;
			buildSettings = {
				ARCHS = arm64;
				ASSETCATALOG_COMPILER_APPICON_NAME = AppIcon;
				CODE_SIGN_ENTITLEMENTS = NLCentralStandings/NLCentralStandings.entitlements;
				CODE_SIGN_STYLE = Automatic;
				COMBINE_HIDPI_IMAGES = YES;
				CURRENT_PROJECT_VERSION = 1;
				"ENABLE_HARDENED_RUNTIME[sdk=macosx*]" = YES;
				GENERATE_INFOPLIST_FILE = NO;
				INFOPLIST_FILE = NLCentralStandings/Info.plist;
				INFOPLIST_KEY_NSHumanReadableCopyright = "";
				IPHONEOS_DEPLOYMENT_TARGET = 17.0;
				LD_RUNPATH_SEARCH_PATHS = (
					"$(inherited)",
					"@executable_path/Frameworks",
				);
				"LD_RUNPATH_SEARCH_PATHS[sdk=macosx*]" = (
					"$(inherited)",
					"@executable_path/../Frameworks",
				);
				MACOSX_DEPLOYMENT_TARGET = 14.0;
				MARKETING_VERSION = 1.1;
				PRODUCT_BUNDLE_IDENTIFIER = com.commandcenter.nlcentral;
				PRODUCT_NAME = "$(TARGET_NAME)";
				SDKROOT = auto;
				SUPPORTED_PLATFORMS = "iphoneos iphonesimulator macosx";
				SUPPORTS_MACCATALYST = NO;
				SUPPORTS_MAC_DESIGNED_FOR_IPHONE_IPAD = NO;
				SUPPORTS_XR_DESIGNED_FOR_IPHONE_IPAD = NO;
				SWIFT_EMIT_LOC_STRINGS = YES;
				SWIFT_VERSION = 5.0;
				TARGETED_DEVICE_FAMILY = "1,2";
			};
			name = Release;
		};
		H20000000000000000000005 /* Debug */ = {
			isa = XCBuildConfiguration;
			buildSettings = {
				ARCHS = arm64;
				CODE_SIGN_ENTITLEMENTS = NLCentralWidget/NLCentralWidget.entitlements;
				CODE_SIGN_STYLE = Automatic;
				CURRENT_PROJECT_VERSION = 1;
				GENERATE_INFOPLIST_FILE = NO;
				INFOPLIST_FILE = NLCentralWidget/Info.plist;
				IPHONEOS_DEPLOYMENT_TARGET = 17.0;
				LD_RUNPATH_SEARCH_PATHS = (
					"$(inherited)",
					"@executable_path/Frameworks",
					"@executable_path/../../Frameworks",
				);
				"LD_RUNPATH_SEARCH_PATHS[sdk=macosx*]" = (
					"$(inherited)",
					"@executable_path/../Frameworks",
					"@executable_path/../../../../Frameworks",
				);
				MACOSX_DEPLOYMENT_TARGET = 14.0;
				MARKETING_VERSION = 1.1;
				ONLY_ACTIVE_ARCH = YES;
				PRODUCT_BUNDLE_IDENTIFIER = com.commandcenter.nlcentral.widget;
				PRODUCT_NAME = "$(TARGET_NAME)";
				SDKROOT = auto;
				SKIP_INSTALL = YES;
				SUPPORTED_PLATFORMS = "iphoneos iphonesimulator macosx";
				SUPPORTS_MACCATALYST = NO;
				SUPPORTS_MAC_DESIGNED_FOR_IPHONE_IPAD = NO;
				SUPPORTS_XR_DESIGNED_FOR_IPHONE_IPAD = NO;
				SWIFT_EMIT_LOC_STRINGS = YES;
				SWIFT_VERSION = 5.0;
				TARGETED_DEVICE_FAMILY = "1,2";
			};
			name = Debug;
		};
		H20000000000000000000006 /* Release */ = {
			isa = XCBuildConfiguration;
			buildSettings = {
				ARCHS = arm64;
				CODE_SIGN_ENTITLEMENTS = NLCentralWidget/NLCentralWidget.entitlements;
				CODE_SIGN_STYLE = Automatic;
				CURRENT_PROJECT_VERSION = 1;
				GENERATE_INFOPLIST_FILE = NO;
				INFOPLIST_FILE = NLCentralWidget/Info.plist;
				IPHONEOS_DEPLOYMENT_TARGET = 17.0;
				LD_RUNPATH_SEARCH_PATHS = (
					"$(inherited)",
					"@executable_path/Frameworks",
					"@executable_path/../../Frameworks",
				);
				"LD_RUNPATH_SEARCH_PATHS[sdk=macosx*]" = (
					"$(inherited)",
					"@executable_path/../Frameworks",
					"@executable_path/../../../../Frameworks",
				);
				MACOSX_DEPLOYMENT_TARGET = 14.0;
				MARKETING_VERSION = 1.1;
				PRODUCT_BUNDLE_IDENTIFIER = com.commandcenter.nlcentral.widget;
				PRODUCT_NAME = "$(TARGET_NAME)";
				SDKROOT = auto;
				SKIP_INSTALL = YES;
				SUPPORTED_PLATFORMS = "iphoneos iphonesimulator macosx";
				SUPPORTS_MACCATALYST = NO;
				SUPPORTS_MAC_DESIGNED_FOR_IPHONE_IPAD = NO;
				SUPPORTS_XR_DESIGNED_FOR_IPHONE_IPAD = NO;
				SWIFT_EMIT_LOC_STRINGS = YES;
				SWIFT_VERSION = 5.0;
				TARGETED_DEVICE_FAMILY = "1,2";
			};
			name = Release;
		};
/* End XCBuildConfiguration section */

/* Begin XCConfigurationList section */
		H10000000000000000000001 /* Build configuration list for PBXProject "NLCentralStandings" */ = {
			isa = XCConfigurationList;
			buildConfigurations = (
				H20000000000000000000001 /* Debug */,
				H20000000000000000000002 /* Release */,
			);
			defaultConfigurationIsVisible = 0;
			defaultConfigurationName = Release;
		};
		H10000000000000000000003 /* Build configuration list for PBXNativeTarget "NLCentralStandings" */ = {
			isa = XCConfigurationList;
			buildConfigurations = (
				H20000000000000000000003 /* Debug */,
				H20000000000000000000004 /* Release */,
			);
			defaultConfigurationIsVisible = 0;
			defaultConfigurationName = Release;
		};
		H10000000000000000000004 /* Build configuration list for PBXNativeTarget "NLCentralWidgetExtension" */ = {
			isa = XCConfigurationList;
			buildConfigurations = (
				H20000000000000000000005 /* Debug */,
				H20000000000000000000006 /* Release */,
			);
			defaultConfigurationIsVisible = 0;
			defaultConfigurationName = Release;
		};
/* End XCConfigurationList section */
	};
	rootObject = E10000000000000000000001 /* Project object */;
}
